
Microsoft Visual Studio Solution File, Format Version 12.00
# Visual Studio Version 17
VisualStudioVersion = 17.4.33122.133
MinimumVisualStudioVersion = 10.0.40219.1
Project("{FAE04EC0-301F-11D3-BF4B-00C04F79EFBC}") = "SolucionesMatrices", "SolucionesMatrices\SolucionesMatrices.csproj", "{D5FEEBC0-B30B-49EA-980C-AF6BB33F280E}"
EndProject
Project("{FAE04EC0-301F-11D3-BF4B-00C04F79EFBC}") = "SolucionesMatricesTests", "SolucionesMatricesTests\SolucionesMatricesTests.csproj", "{064843F5-6F82-42DA-BAF5-3AAF26503B07}"
EndProject
Global
	GlobalSection(SolutionConfigurationPlatforms) = preSolution
		Debug|Any CPU = Debug|Any CPU
		Release|Any CPU = Release|Any CPU
	EndGlobalSection
	GlobalSection(ProjectConfigurationPlatforms) = postSolution
		{D5FEEBC0-B30B-49EA-980C-AF6BB33F280E}.Debug|Any CPU.ActiveCfg = Debug|Any CPU
		{D5FEEBC0-B30B-49EA-980C-AF6BB33F280E}.Debug|Any CPU.Build.0 = Debug|Any CPU
		{D5FEEBC0-B30B-49EA-980C-AF6BB33F280E}.Release|Any CPU.ActiveCfg = Release|Any CPU
		{D5FEEBC0-B30B-49EA-980C-AF6BB33F280E}.Release|Any CPU.Build.0 = Release|Any CPU
		{064843F5-6F82-42DA-BAF5-3AAF26503B07}.Debug|Any CPU.ActiveCfg = Debug|Any CPU
		{064843F5-6F82-42DA-BAF5-3AAF26503B07}.Debug|Any CPU.Build.0 = Debug|Any CPU
		{064843F5-6F82-42DA-BAF5-3AAF26503B07}.Release|Any CPU.ActiveCfg = Release|Any CPU
		{064843F5-6F82-42DA-BAF5-3AAF26503B07}.Release|Any CPU.Build.0 = Release|Any CPU
	EndGlobalSection
	GlobalSection(SolutionProperties) = preSolution
		HideSolutionNode = FALSE
	EndGlobalSection
	GlobalSection(ExtensibilityGlobals) = postSolution
		SolutionGuid = {9C39B2BA-8BC1-4387-A497-BE7240EE9BF5}
	EndGlobalSection
EndGlobal
